
Microsoft Visual Studio Solution File, Format Version 12.00
# Visual Studio Version 17
VisualStudioVersion = 17.11.35312.102
MinimumVisualStudioVersion = 10.0.40219.1
Project("{FAE04EC0-301F-11D3-BF4B-00C04F79EFBC}") = "GitOutProject", "GitOutProject\GitOutProject.csproj", "{B933BE67-446D-4D03-8E48-CE5B13475C09}"
EndProject
Global
	GlobalSection(SolutionConfigurationPlatforms) = preSolution
		Debug|Any CPU = Debug|Any CPU
		Release|Any CPU = Release|Any CPU
	EndGlobalSection
	GlobalSection(ProjectConfigurationPlatforms) = postSolution
		{B933BE67-446D-4D03-8E48-CE5B13475C09}.Debug|Any CPU.ActiveCfg = Debug|Any CPU
		{B933BE67-446D-4D03-8E48-CE5B13475C09}.Debug|Any CPU.Build.0 = Debug|Any CPU
		{B933BE67-446D-4D03-8E48-CE5B13475C09}.Release|Any CPU.ActiveCfg = Release|Any CPU
		{B933BE67-446D-4D03-8E48-CE5B13475C09}.Release|Any CPU.Build.0 = Release|Any CPU
	EndGlobalSection
	GlobalSection(SolutionProperties) = preSolution
		HideSolutionNode = FALSE
	EndGlobalSection
	GlobalSection(ExtensibilityGlobals) = postSolution
		SolutionGuid = {22304AC3-C53A-405C-A8F0-ED72BD785160}
	EndGlobalSection
EndGlobal
